
Microsoft Visual Studio Solution File, Format Version 12.00
# Visual Studio 15
VisualStudioVersion = 15.0.27428.2015
MinimumVisualStudioVersion = 10.0.40219.1
Project("{8BC9CEB8-8B4A-11D0-8D11-00A0C91BC942}") = "DynamicArrayBlockHead", "DynamicArrayBlockHead\DynamicArrayBlockHead.vcxproj", "{19A80D43-5ECD-4A7D-A268-5C79239FCC90}"
EndProject
Global
	GlobalSection(SolutionConfigurationPlatforms) = preSolution
		Debug|x64 = Debug|x64
		Debug|x86 = Debug|x86
		Release|x64 = Release|x64
		Release|x86 = Release|x86
	EndGlobalSection
	GlobalSection(ProjectConfigurationPlatforms) = postSolution
		{19A80D43-5ECD-4A7D-A268-5C79239FCC90}.Debug|x64.ActiveCfg = Debug|x64
		{19A80D43-5ECD-4A7D-A268-5C79239FCC90}.Debug|x64.Build.0 = Debug|x64
		{19A80D43-5ECD-4A7D-A268-5C79239FCC90}.Debug|x86.ActiveCfg = Debug|Win32
		{19A80D43-5ECD-4A7D-A268-5C79239FCC90}.Debug|x86.Build.0 = Debug|Win32
		{19A80D43-5ECD-4A7D-A268-5C79239FCC90}.Release|x64.ActiveCfg = Release|x64
		{19A80D43-5ECD-4A7D-A268-5C79239FCC90}.Release|x64.Build.0 = Release|x64
		{19A80D43-5ECD-4A7D-A268-5C79239FCC90}.Release|x86.ActiveCfg = Release|Win32
		{19A80D43-5ECD-4A7D-A268-5C79239FCC90}.Release|x86.Build.0 = Release|Win32
	EndGlobalSection
	GlobalSection(SolutionProperties) = preSolution
		HideSolutionNode = FALSE
	EndGlobalSection
	GlobalSection(ExtensibilityGlobals) = postSolution
		SolutionGuid = {5E964B84-A5C0-4014-97EF-DBD9FE4CF9D6}
	EndGlobalSection
EndGlobal
