
Microsoft Visual Studio Solution File, Format Version 12.00
# Visual Studio 15
VisualStudioVersion = 15.0.27428.2015
MinimumVisualStudioVersion = 10.0.40219.1
Project("{8BC9CEB8-8B4A-11D0-8D11-00A0C91BC942}") = "BlockHeadsC++", "BlockHeadsC++\BlockHeadsC++.vcxproj", "{2EC8431E-A735-4757-9857-87CBE28EF60F}"
EndProject
Global
	GlobalSection(SolutionConfigurationPlatforms) = preSolution
		Debug|x64 = Debug|x64
		Debug|x86 = Debug|x86
		Release|x64 = Release|x64
		Release|x86 = Release|x86
	EndGlobalSection
	GlobalSection(ProjectConfigurationPlatforms) = postSolution
		{2EC8431E-A735-4757-9857-87CBE28EF60F}.Debug|x64.ActiveCfg = Debug|x64
		{2EC8431E-A735-4757-9857-87CBE28EF60F}.Debug|x64.Build.0 = Debug|x64
		{2EC8431E-A735-4757-9857-87CBE28EF60F}.Debug|x86.ActiveCfg = Debug|Win32
		{2EC8431E-A735-4757-9857-87CBE28EF60F}.Debug|x86.Build.0 = Debug|Win32
		{2EC8431E-A735-4757-9857-87CBE28EF60F}.Release|x64.ActiveCfg = Release|x64
		{2EC8431E-A735-4757-9857-87CBE28EF60F}.Release|x64.Build.0 = Release|x64
		{2EC8431E-A735-4757-9857-87CBE28EF60F}.Release|x86.ActiveCfg = Release|Win32
		{2EC8431E-A735-4757-9857-87CBE28EF60F}.Release|x86.Build.0 = Release|Win32
	EndGlobalSection
	GlobalSection(SolutionProperties) = preSolution
		HideSolutionNode = FALSE
	EndGlobalSection
	GlobalSection(ExtensibilityGlobals) = postSolution
		SolutionGuid = {A7E5810B-C6BF-40B3-8DDD-CA279503F6E9}
	EndGlobalSection
EndGlobal
